hash: 12d33009b8f04eb7b4cefb04cf08bd5d25bfb9054717f447d4ea03369a990ff5
updated: 2016-05-06T13:09:31.070565165-04:00
imports:
- name: github.com/pkg/errors
  version: f85d45fecf0c92c382e731cb03f481957e2ccdd1
- name: github.com/stretchr/testify
  version: f390dcf405f7b83c997eac1b06768bb9f44dec18
devImports: []
